
Microsoft Visual Studio Solution File, Format Version 12.00
# Visual Studio Version 16
VisualStudioVersion = 16.0.29728.190
MinimumVisualStudioVersion = 10.0.40219.1
Project("{9A19103F-16F7-4668-BE54-9A1E7A4F7556}") = "Onbox.Adsk.DataManagement.Core", "Onbox.Adsk.DataManagement.Core\Onbox.Adsk.DataManagement.Core.csproj", "{134B1ED8-7EF2-473E-A979-C64C84F4DB30}"
EndProject
Project("{FAE04EC0-301F-11D3-BF4B-00C04F79EFBC}") = "Onbox.Adsk.DataManagement", "Onbox.Adsk.DataManagement\Onbox.Adsk.DataManagement.csproj", "{9CE6CB9B-DEA2-41FD-BED2-568D40697527}"
EndProject
Global
	GlobalSection(SolutionConfigurationPlatforms) = preSolution
		Debug|Any CPU = Debug|Any CPU
		Release|Any CPU = Release|Any CPU
	EndGlobalSection
	GlobalSection(ProjectConfigurationPlatforms) = postSolution
		{134B1ED8-7EF2-473E-A979-C64C84F4DB30}.Debug|Any CPU.ActiveCfg = Debug|Any CPU
		{134B1ED8-7EF2-473E-A979-C64C84F4DB30}.Debug|Any CPU.Build.0 = Debug|Any CPU
		{134B1ED8-7EF2-473E-A979-C64C84F4DB30}.Release|Any CPU.ActiveCfg = Release|Any CPU
		{134B1ED8-7EF2-473E-A979-C64C84F4DB30}.Release|Any CPU.Build.0 = Release|Any CPU
		{9CE6CB9B-DEA2-41FD-BED2-568D40697527}.Debug|Any CPU.ActiveCfg = Debug|Any CPU
		{9CE6CB9B-DEA2-41FD-BED2-568D40697527}.Debug|Any CPU.Build.0 = Debug|Any CPU
		{9CE6CB9B-DEA2-41FD-BED2-568D40697527}.Release|Any CPU.ActiveCfg = Release|Any CPU
		{9CE6CB9B-DEA2-41FD-BED2-568D40697527}.Release|Any CPU.Build.0 = Release|Any CPU
	EndGlobalSection
	GlobalSection(SolutionProperties) = preSolution
		HideSolutionNode = FALSE
	EndGlobalSection
	GlobalSection(ExtensibilityGlobals) = postSolution
		SolutionGuid = {10E7260B-9D32-40A2-AC6C-F84BEA6CA9E5}
	EndGlobalSection
EndGlobal
